
Microsoft Visual Studio Solution File, Format Version 12.00
# Visual Studio Version 17
VisualStudioVersion = 17.3.32811.315
MinimumVisualStudioVersion = 10.0.40219.1
Project("{FAE04EC0-301F-11D3-BF4B-00C04F79EFBC}") = "Campeonato.Domain", "Campeonato.Domain\Campeonato.Domain.csproj", "{4ED2CC0A-BA96-421A-9BCC-E04B434F9CA3}"
EndProject
Project("{FAE04EC0-301F-11D3-BF4B-00C04F79EFBC}") = "Campeonato.Domain.Api", "Campeonato.Domain.Api\Campeonato.Domain.Api.csproj", "{CFDC9168-A4E9-4B63-B616-26ADE8A03FDD}"
EndProject
Project("{FAE04EC0-301F-11D3-BF4B-00C04F79EFBC}") = "Campeonato.Domain.Shared", "Campeonato.Domain.Shared\Campeonato.Domain.Shared.csproj", "{71297AF6-B7F8-4300-AFDF-1E4C9081A412}"
EndProject
Project("{FAE04EC0-301F-11D3-BF4B-00C04F79EFBC}") = "Campeonato.Domain.Dados", "Campeonato.Domain.Dados\Campeonato.Domain.Dados.csproj", "{06241872-EFC2-4764-999C-68FDD7E1C9A3}"
EndProject
Global
	GlobalSection(SolutionConfigurationPlatforms) = preSolution
		Debug|Any CPU = Debug|Any CPU
		Release|Any CPU = Release|Any CPU
	EndGlobalSection
	GlobalSection(ProjectConfigurationPlatforms) = postSolution
		{4ED2CC0A-BA96-421A-9BCC-E04B434F9CA3}.Debug|Any CPU.ActiveCfg = Debug|Any CPU
		{4ED2CC0A-BA96-421A-9BCC-E04B434F9CA3}.Debug|Any CPU.Build.0 = Debug|Any CPU
		{4ED2CC0A-BA96-421A-9BCC-E04B434F9CA3}.Release|Any CPU.ActiveCfg = Release|Any CPU
		{4ED2CC0A-BA96-421A-9BCC-E04B434F9CA3}.Release|Any CPU.Build.0 = Release|Any CPU
		{CFDC9168-A4E9-4B63-B616-26ADE8A03FDD}.Debug|Any CPU.ActiveCfg = Debug|Any CPU
		{CFDC9168-A4E9-4B63-B616-26ADE8A03FDD}.Debug|Any CPU.Build.0 = Debug|Any CPU
		{CFDC9168-A4E9-4B63-B616-26ADE8A03FDD}.Release|Any CPU.ActiveCfg = Release|Any CPU
		{CFDC9168-A4E9-4B63-B616-26ADE8A03FDD}.Release|Any CPU.Build.0 = Release|Any CPU
		{71297AF6-B7F8-4300-AFDF-1E4C9081A412}.Debug|Any CPU.ActiveCfg = Debug|Any CPU
		{71297AF6-B7F8-4300-AFDF-1E4C9081A412}.Debug|Any CPU.Build.0 = Debug|Any CPU
		{71297AF6-B7F8-4300-AFDF-1E4C9081A412}.Release|Any CPU.ActiveCfg = Release|Any CPU
		{71297AF6-B7F8-4300-AFDF-1E4C9081A412}.Release|Any CPU.Build.0 = Release|Any CPU
		{06241872-EFC2-4764-999C-68FDD7E1C9A3}.Debug|Any CPU.ActiveCfg = Debug|Any CPU
		{06241872-EFC2-4764-999C-68FDD7E1C9A3}.Debug|Any CPU.Build.0 = Debug|Any CPU
		{06241872-EFC2-4764-999C-68FDD7E1C9A3}.Release|Any CPU.ActiveCfg = Release|Any CPU
		{06241872-EFC2-4764-999C-68FDD7E1C9A3}.Release|Any CPU.Build.0 = Release|Any CPU
	EndGlobalSection
	GlobalSection(SolutionProperties) = preSolution
		HideSolutionNode = FALSE
	EndGlobalSection
	GlobalSection(ExtensibilityGlobals) = postSolution
		SolutionGuid = {B8FC8C8C-1893-4AA1-9644-A4FBDEAC37B6}
	EndGlobalSection
EndGlobal
